// !$*UTF8*$!
{
	archiveVersion = 1;
	classes = {
	};
	objectVersion = 50;
	objects = {

/* Begin PBXBuildFile section */
		1144588B259F644F002C7381 /* DataManager.swift in Sources */ = {isa = PBXBuildFile; fileRef = 1144588A259F644F002C7381 /* DataManager.swift */; };
		119DBCA6259F766D00CC9B2B /* MapKit.framework in Frameworks */ = {isa = PBXBuildFile; fileRef = 119DBCA5259F766D00CC9B2B /* MapKit.framework */; };
		119DBCA9259FD9E000CC9B2B /* MKCoordinateRegion+Extensions.swift in Sources */ = {isa = PBXBuildFile; fileRef = 119DBCA8259FD9E000CC9B2B /* MKCoordinateRegion+Extensions.swift */; };
		119DBCAB259FD9FB00CC9B2B /* CoordinateRegion.swift in Sources */ = {isa = PBXBuildFile; fileRef = 119DBCAA259FD9FB00CC9B2B /* CoordinateRegion.swift */; };
		119DBCAD259FDC6F00CC9B2B /* PhotoAlbumViewController.swift in Sources */ = {isa = PBXBuildFile; fileRef = 119DBCAC259FDC6F00CC9B2B /* PhotoAlbumViewController.swift */; };
		11F52E37259E529700720596 /* AppDelegate.swift in Sources */ = {isa = PBXBuildFile; fileRef = 11F52E36259E529700720596 /* AppDelegate.swift */; };
		11F52E39259E529700720596 /* SceneDelegate.swift in Sources */ = {isa = PBXBuildFile; fileRef = 11F52E38259E529700720596 /* SceneDelegate.swift */; };
		11F52E3B259E529700720596 /* TravelLocationsMapViewController.swift in Sources */ = {isa = PBXBuildFile; fileRef = 11F52E3A259E529700720596 /* TravelLocationsMapViewController.swift */; };
		11F52E3E259E529700720596 /* Main.storyboard in Resources */ = {isa = PBXBuildFile; fileRef = 11F52E3C259E529700720596 /* Main.storyboard */; };
		11F52E41259E529700720596 /* VirtualTourist.xcdatamodeld in Sources */ = {isa = PBXBuildFile; fileRef = 11F52E3F259E529700720596 /* VirtualTourist.xcdatamodeld */; };
		11F52E43259E529800720596 /* Assets.xcassets in Resources */ = {isa = PBXBuildFile; fileRef = 11F52E42259E529800720596 /* Assets.xcassets */; };
		11F52E46259E529800720596 /* LaunchScreen.storyboard in Resources */ = {isa = PBXBuildFile; fileRef = 11F52E44259E529800720596 /* LaunchScreen.storyboard */; };
		11F6E1D125A1F63700DEDF6A /* MyAnnotation.swift in Sources */ = {isa = PBXBuildFile; fileRef = 11F6E1D025A1F63700DEDF6A /* MyAnnotation.swift */; };
/* End PBXBuildFile section */

/* Begin PBXFileReference section */
		1144588A259F644F002C7381 /* DataManager.swift */ = {isa = PBXFileReference; lastKnownFileType = sourcecode.swift; path = DataManager.swift; sourceTree = "<group>"; };
		119DBCA5259F766D00CC9B2B /* MapKit.framework */ = {isa = PBXFileReference; lastKnownFileType = wrapper.framework; name = MapKit.framework; path = System/Library/Frameworks/MapKit.framework; sourceTree = SDKROOT; };
		119DBCA8259FD9E000CC9B2B /* MKCoordinateRegion+Extensions.swift */ = {isa = PBXFileReference; lastKnownFileType = sourcecode.swift; path = "MKCoordinateRegion+Extensions.swift"; sourceTree = "<group>"; };
		119DBCAA259FD9FB00CC9B2B /* CoordinateRegion.swift */ = {isa = PBXFileReference; lastKnownFileType = sourcecode.swift; path = CoordinateRegion.swift; sourceTree = "<group>"; };
		119DBCAC259FDC6F00CC9B2B /* PhotoAlbumViewController.swift */ = {isa = PBXFileReference; lastKnownFileType = sourcecode.swift; path = PhotoAlbumViewController.swift; sourceTree = "<group>"; };
		11F52E33259E529700720596 /* VirtualTourist.app */ = {isa = PBXFileReference; explicitFileType = wrapper.application; includeInIndex = 0; path = VirtualTourist.app; sourceTree = BUILT_PRODUCTS_DIR; };
		11F52E36259E529700720596 /* AppDelegate.swift */ = {isa = PBXFileReference; lastKnownFileType = sourcecode.swift; path = AppDelegate.swift; sourceTree = "<group>"; };
		11F52E38259E529700720596 /* SceneDelegate.swift */ = {isa = PBXFileReference; lastKnownFileType = sourcecode.swift; path = SceneDelegate.swift; sourceTree = "<group>"; };
		11F52E3A259E529700720596 /* TravelLocationsMapViewController.swift */ = {isa = PBXFileReference; lastKnownFileType = sourcecode.swift; path = TravelLocationsMapViewController.swift; sourceTree = "<group>"; };
		11F52E3D259E529700720596 /* Base */ = {isa = PBXFileReference; lastKnownFileType = file.storyboard; name = Base; path = Base.lproj/Main.storyboard; sourceTree = "<group>"; };
		11F52E40259E529700720596 /* VirtualTourist.xcdatamodel */ = {isa = PBXFileReference; lastKnownFileType = wrapper.xcdatamodel; path = VirtualTourist.xcdatamodel; sourceTree = "<group>"; };
		11F52E42259E529800720596 /* Assets.xcassets */ = {isa = PBXFileReference; lastKnownFileType = folder.assetcatalog; path = Assets.xcassets; sourceTree = "<group>"; };
		11F52E45259E529800720596 /* Base */ = {isa = PBXFileReference; lastKnownFileType = file.storyboard; name = Base; path = Base.lproj/LaunchScreen.storyboard; sourceTree = "<group>"; };
		11F52E47259E529800720596 /* Info.plist */ = {isa = PBXFileReference; lastKnownFileType = text.plist.xml; path = Info.plist; sourceTree = "<group>"; };
		11F6E1D025A1F63700DEDF6A /* MyAnnotation.swift */ = {isa = PBXFileReference; lastKnownFileType = sourcecode.swift; path = MyAnnotation.swift; sourceTree = "<group>"; };
/* End PBXFileReference section */

/* Begin PBXFrameworksBuildPhase section */
		11F52E30259E529700720596 /* Frameworks */ = {
			isa = PBXFrameworksBuildPhase;
			buildActionMask = 2147483647;
			files = (
				119DBCA6259F766D00CC9B2B /* MapKit.framework in Frameworks */,
			);
			runOnlyForDeploymentPostprocessing = 0;
		};
/* End PBXFrameworksBuildPhase section */

/* Begin PBXGroup section */
		119DBCA4259F766D00CC9B2B /* Frameworks */ = {
			isa = PBXGroup;
			children = (
				119DBCA5259F766D00CC9B2B /* MapKit.framework */,
			);
			name = Frameworks;
			sourceTree = "<group>";
		};
		119DBCA7259FD9C400CC9B2B /* Extensions */ = {
			isa = PBXGroup;
			children = (
				119DBCA8259FD9E000CC9B2B /* MKCoordinateRegion+Extensions.swift */,
			);
			path = Extensions;
			sourceTree = "<group>";
		};
		11F52E2A259E529700720596 = {
			isa = PBXGroup;
			children = (
				11F52E35259E529700720596 /* VirtualTourist */,
				11F52E34259E529700720596 /* Products */,
				119DBCA4259F766D00CC9B2B /* Frameworks */,
			);
			sourceTree = "<group>";
		};
		11F52E34259E529700720596 /* Products */ = {
			isa = PBXGroup;
			children = (
				11F52E33259E529700720596 /* VirtualTourist.app */,
			);
			name = Products;
			sourceTree = "<group>";
		};
		11F52E35259E529700720596 /* VirtualTourist */ = {
			isa = PBXGroup;
			children = (
				119DBCA7259FD9C400CC9B2B /* Extensions */,
				11F52E50259E532300720596 /* SupportingFiles */,
				11F52E4F259E531E00720596 /* Controller */,
				11F52E4E259E531600720596 /* View */,
				11F52E4D259E531000720596 /* Model */,
			);
			path = VirtualTourist;
			sourceTree = "<group>";
		};
		11F52E4D259E531000720596 /* Model */ = {
			isa = PBXGroup;
			children = (
				11F52E3F259E529700720596 /* VirtualTourist.xcdatamodeld */,
				1144588A259F644F002C7381 /* DataManager.swift */,
				119DBCAA259FD9FB00CC9B2B /* CoordinateRegion.swift */,
			);
			path = Model;
			sourceTree = "<group>";
		};
		11F52E4E259E531600720596 /* View */ = {
			isa = PBXGroup;
			children = (
				11F52E3C259E529700720596 /* Main.storyboard */,
				11F52E44259E529800720596 /* LaunchScreen.storyboard */,
				11F6E1D025A1F63700DEDF6A /* MyAnnotation.swift */,
			);
			path = View;
			sourceTree = "<group>";
		};
		11F52E4F259E531E00720596 /* Controller */ = {
			isa = PBXGroup;
			children = (
				11F52E3A259E529700720596 /* TravelLocationsMapViewController.swift */,
				119DBCAC259FDC6F00CC9B2B /* PhotoAlbumViewController.swift */,
			);
			path = Controller;
			sourceTree = "<group>";
		};
		11F52E50259E532300720596 /* SupportingFiles */ = {
			isa = PBXGroup;
			children = (
				11F52E42259E529800720596 /* Assets.xcassets */,
				11F52E47259E529800720596 /* Info.plist */,
				11F52E36259E529700720596 /* AppDelegate.swift */,
				11F52E38259E529700720596 /* SceneDelegate.swift */,
			);
			path = SupportingFiles;
			sourceTree = "<group>";
		};
/* End PBXGroup section */

/* Begin PBXNativeTarget section */
		11F52E32259E529700720596 /* VirtualTourist */ = {
			isa = PBXNativeTarget;
			buildConfigurationList = 11F52E4A259E529800720596 /* Build configuration list for PBXNativeTarget "VirtualTourist" */;
			buildPhases = (
				11F52E2F259E529700720596 /* Sources */,
				11F52E30259E529700720596 /* Frameworks */,
				11F52E31259E529700720596 /* Resources */,
			);
			buildRules = (
			);
			dependencies = (
			);
			name = VirtualTourist;
			productName = VirtualTourist;
			productReference = 11F52E33259E529700720596 /* VirtualTourist.app */;
			productType = "com.apple.product-type.application";
		};
/* End PBXNativeTarget section */

/* Begin PBXProject section */
		11F52E2B259E529700720596 /* Project object */ = {
			isa = PBXProject;
			attributes = {
				LastSwiftUpdateCheck = 1130;
				LastUpgradeCheck = 1130;
				ORGANIZATIONNAME = "Giovanni Luigi Bruno";
				TargetAttributes = {
					11F52E32259E529700720596 = {
						CreatedOnToolsVersion = 11.3.1;
					};
				};
			};
			buildConfigurationList = 11F52E2E259E529700720596 /* Build configuration list for PBXProject "VirtualTourist" */;
			compatibilityVersion = "Xcode 9.3";
			developmentRegion = en;
			hasScannedForEncodings = 0;
			knownRegions = (
				en,
				Base,
			);
			mainGroup = 11F52E2A259E529700720596;
			productRefGroup = 11F52E34259E529700720596 /* Products */;
			projectDirPath = "";
			projectRoot = "";
			targets = (
				11F52E32259E529700720596 /* VirtualTourist */,
			);
		};
/* End PBXProject section */

/* Begin PBXResourcesBuildPhase section */
		11F52E31259E529700720596 /* Resources */ = {
			isa = PBXResourcesBuildPhase;
			buildActionMask = 2147483647;
			files = (
				11F52E46259E529800720596 /* LaunchScreen.storyboard in Resources */,
				11F52E43259E529800720596 /* Assets.xcassets in Resources */,
				11F52E3E259E529700720596 /* Main.storyboard in Resources */,
			);
			runOnlyForDeploymentPostprocessing = 0;
		};
/* End PBXResourcesBuildPhase section */

/* Begin PBXSourcesBuildPhase section */
		11F52E2F259E529700720596 /* Sources */ = {
			isa = PBXSourcesBuildPhase;
			buildActionMask = 2147483647;
			files = (
				11F52E41259E529700720596 /* VirtualTourist.xcdatamodeld in Sources */,
				119DBCA9259FD9E000CC9B2B /* MKCoordinateRegion+Extensions.swift in Sources */,
				11F6E1D125A1F63700DEDF6A /* MyAnnotation.swift in Sources */,
				11F52E3B259E529700720596 /* TravelLocationsMapViewController.swift in Sources */,
				119DBCAD259FDC6F00CC9B2B /* PhotoAlbumViewController.swift in Sources */,
				11F52E37259E529700720596 /* AppDelegate.swift in Sources */,
				1144588B259F644F002C7381 /* DataManager.swift in Sources */,
				11F52E39259E529700720596 /* SceneDelegate.swift in Sources */,
				119DBCAB259FD9FB00CC9B2B /* CoordinateRegion.swift in Sources */,
			);
			runOnlyForDeploymentPostprocessing = 0;
		};
/* End PBXSourcesBuildPhase section */

/* Begin PBXVariantGroup section */
		11F52E3C259E529700720596 /* Main.storyboard */ = {
			isa = PBXVariantGroup;
			children = (
				11F52E3D259E529700720596 /* Base */,
			);
			name = Main.storyboard;
			sourceTree = "<group>";
		};
		11F52E44259E529800720596 /* LaunchScreen.storyboard */ = {
			isa = PBXVariantGroup;
			children = (
				11F52E45259E529800720596 /* Base */,
			);
			name = LaunchScreen.storyboard;
			sourceTree = "<group>";
		};
/* End PBXVariantGroup section */

/* Begin XCBuildConfiguration section */
		11F52E48259E529800720596 /* Debug */ = {
			isa = XCBuildConfiguration;
			buildSettings = {
				ALWAYS_SEARCH_USER_PATHS = NO;
				CLANG_ANALYZER_NONNULL = YES;
				CLANG_ANALYZER_NUMBER_OBJECT_CONVERSION = YES_AGGRESSIVE;
				CLANG_CXX_LANGUAGE_STANDARD = "gnu++14";
				CLANG_CXX_LIBRARY = "libc++";
				CLANG_ENABLE_MODULES = YES;
				CLANG_ENABLE_OBJC_ARC = YES;
				CLANG_ENABLE_OBJC_WEAK = YES;
				CLANG_WARN_BLOCK_CAPTURE_AUTORELEASING = YES;
				CLANG_WARN_BOOL_CONVERSION = YES;
				CLANG_WARN_COMMA = YES;
				CLANG_WARN_CONSTANT_CONVERSION = YES;
				CLANG_WARN_DEPRECATED_OBJC_IMPLEMENTATIONS = YES;
				CLANG_WARN_DIRECT_OBJC_ISA_USAGE = YES_ERROR;
				CLANG_WARN_DOCUMENTATION_COMMENTS = YES;
				CLANG_WARN_EMPTY_BODY = YES;
				CLANG_WARN_ENUM_CONVERSION = YES;
				CLANG_WARN_INFINITE_RECURSION = YES;
				CLANG_WARN_INT_CONVERSION = YES;
				CLANG_WARN_NON_LITERAL_NULL_CONVERSION = YES;
				CLANG_WARN_OBJC_IMPLICIT_RETAIN_SELF = YES;
				CLANG_WARN_OBJC_LITERAL_CONVERSION = YES;
				CLANG_WARN_OBJC_ROOT_CLASS = YES_ERROR;
				CLANG_WARN_RANGE_LOOP_ANALYSIS = YES;
				CLANG_WARN_STRICT_PROTOTYPES = YES;
				CLANG_WARN_SUSPICIOUS_MOVE = YES;
				CLANG_WARN_UNGUARDED_AVAILABILITY = YES_AGGRESSIVE;
				CLANG_WARN_UNREACHABLE_CODE = YES;
				CLANG_WARN__DUPLICATE_METHOD_MATCH = YES;
				COPY_PHASE_STRIP = NO;
				DEBUG_INFORMATION_FORMAT = dwarf;
				ENABLE_STRICT_OBJC_MSGSEND = YES;
				ENABLE_TESTABILITY = YES;
				GCC_C_LANGUAGE_STANDARD = gnu11;
				GCC_DYNAMIC_NO_PIC = NO;
				GCC_NO_COMMON_BLOCKS = YES;
				GCC_OPTIMIZATION_LEVEL = 0;
				GCC_PREPROCESSOR_DEFINITIONS = (
					"DEBUG=1",
					"$(inherited)",
				);
				GCC_WARN_64_TO_32_BIT_CONVERSION = YES;
				GCC_WARN_ABOUT_RETURN_TYPE = YES_ERROR;
				GCC_WARN_UNDECLARED_SELECTOR = YES;
				GCC_WARN_UNINITIALIZED_AUTOS = YES_AGGRESSIVE;
				GCC_WARN_UNUSED_FUNCTION = YES;
				GCC_WARN_UNUSED_VARIABLE = YES;
				IPHONEOS_DEPLOYMENT_TARGET = 13.2;
				MTL_ENABLE_DEBUG_INFO = INCLUDE_SOURCE;
				MTL_FAST_MATH = YES;
				ONLY_ACTIVE_ARCH = YES;
				SDKROOT = iphoneos;
				SWIFT_ACTIVE_COMPILATION_CONDITIONS = DEBUG;
				SWIFT_OPTIMIZATION_LEVEL = "-Onone";
			};
			name = Debug;
		};
		11F52E49259E529800720596 /* Release */ = {
			isa = XCBuildConfiguration;
			buildSettings = {
				ALWAYS_SEARCH_USER_PATHS = NO;
				CLANG_ANALYZER_NONNULL = YES;
				CLANG_ANALYZER_NUMBER_OBJECT_CONVERSION = YES_AGGRESSIVE;
				CLANG_CXX_LANGUAGE_STANDARD = "gnu++14";
				CLANG_CXX_LIBRARY = "libc++";
				CLANG_ENABLE_MODULES = YES;
				CLANG_ENABLE_OBJC_ARC = YES;
				CLANG_ENABLE_OBJC_WEAK = YES;
				CLANG_WARN_BLOCK_CAPTURE_AUTORELEASING = YES;
				CLANG_WARN_BOOL_CONVERSION = YES;
				CLANG_WARN_COMMA = YES;
				CLANG_WARN_CONSTANT_CONVERSION = YES;
				CLANG_WARN_DEPRECATED_OBJC_IMPLEMENTATIONS = YES;
				CLANG_WARN_DIRECT_OBJC_ISA_USAGE = YES_ERROR;
				CLANG_WARN_DOCUMENTATION_COMMENTS = YES;
				CLANG_WARN_EMPTY_BODY = YES;
				CLANG_WARN_ENUM_CONVERSION = YES;
				CLANG_WARN_INFINITE_RECURSION = YES;
				CLANG_WARN_INT_CONVERSION = YES;
				CLANG_WARN_NON_LITERAL_NULL_CONVERSION = YES;
				CLANG_WARN_OBJC_IMPLICIT_RETAIN_SELF = YES;
				CLANG_WARN_OBJC_LITERAL_CONVERSION = YES;
				CLANG_WARN_OBJC_ROOT_CLASS = YES_ERROR;
				CLANG_WARN_RANGE_LOOP_ANALYSIS = YES;
				CLANG_WARN_STRICT_PROTOTYPES = YES;
				CLANG_WARN_SUSPICIOUS_MOVE = YES;
				CLANG_WARN_UNGUARDED_AVAILABILITY = YES_AGGRESSIVE;
				CLANG_WARN_UNREACHABLE_CODE = YES;
				CLANG_WARN__DUPLICATE_METHOD_MATCH = YES;
				COPY_PHASE_STRIP = NO;
				DEBUG_INFORMATION_FORMAT = "dwarf-with-dsym";
				ENABLE_NS_ASSERTIONS = NO;
				ENABLE_STRICT_OBJC_MSGSEND = YES;
				GCC_C_LANGUAGE_STANDARD = gnu11;
				GCC_NO_COMMON_BLOCKS = YES;
				GCC_WARN_64_TO_32_BIT_CONVERSION = YES;
				GCC_WARN_ABOUT_RETURN_TYPE = YES_ERROR;
				GCC_WARN_UNDECLARED_SELECTOR = YES;
				GCC_WARN_UNINITIALIZED_AUTOS = YES_AGGRESSIVE;
				GCC_WARN_UNUSED_FUNCTION = YES;
				GCC_WARN_UNUSED_VARIABLE = YES;
				IPHONEOS_DEPLOYMENT_TARGET = 13.2;
				MTL_ENABLE_DEBUG_INFO = NO;
				MTL_FAST_MATH = YES;
				SDKROOT = iphoneos;
				SWIFT_COMPILATION_MODE = wholemodule;
				SWIFT_OPTIMIZATION_LEVEL = "-O";
				VALIDATE_PRODUCT = YES;
			};
			name = Release;
		};
		11F52E4B259E529800720596 /* Debug */ = {
			isa = XCBuildConfiguration;
			buildSettings = {
				ASSETCATALOG_COMPILER_APPICON_NAME = AppIcon;
				CODE_SIGN_STYLE = Automatic;
				DEVELOPMENT_TEAM = A3J488KW82;
				INFOPLIST_FILE = "$(SRCROOT)/VirtualTourist/SupportingFiles/Info.plist";
				LD_RUNPATH_SEARCH_PATHS = (
					"$(inherited)",
					"@executable_path/Frameworks",
				);
				PRODUCT_BUNDLE_IDENTIFIER = pomappo.com.VirtualTourist;
				PRODUCT_NAME = "$(TARGET_NAME)";
				SWIFT_VERSION = 5.0;
				TARGETED_DEVICE_FAMILY = 1;
			};
			name = Debug;
		};
		11F52E4C259E529800720596 /* Release */ = {
			isa = XCBuildConfiguration;
			buildSettings = {
				ASSETCATALOG_COMPILER_APPICON_NAME = AppIcon;
				CODE_SIGN_STYLE = Automatic;
				DEVELOPMENT_TEAM = A3J488KW82;
				INFOPLIST_FILE = "$(SRCROOT)/VirtualTourist/SupportingFiles/Info.plist";
				LD_RUNPATH_SEARCH_PATHS = (
					"$(inherited)",
					"@executable_path/Frameworks",
				);
				PRODUCT_BUNDLE_IDENTIFIER = pomappo.com.VirtualTourist;
				PRODUCT_NAME = "$(TARGET_NAME)";
				SWIFT_VERSION = 5.0;
				TARGETED_DEVICE_FAMILY = 1;
			};
			name = Release;
		};
/* End XCBuildConfiguration section */

/* Begin XCConfigurationList section */
		11F52E2E259E529700720596 /* Build configuration list for PBXProject "VirtualTourist" */ = {
			isa = XCConfigurationList;
			buildConfigurations = (
				11F52E48259E529800720596 /* Debug */,
				11F52E49259E529800720596 /* Release */,
			);
			defaultConfigurationIsVisible = 0;
			defaultConfigurationName = Release;
		};
		11F52E4A259E529800720596 /* Build configuration list for PBXNativeTarget "VirtualTourist" */ = {
			isa = XCConfigurationList;
			buildConfigurations = (
				11F52E4B259E529800720596 /* Debug */,
				11F52E4C259E529800720596 /* Release */,
			);
			defaultConfigurationIsVisible = 0;
			defaultConfigurationName = Release;
		};
/* End XCConfigurationList section */

/* Begin XCVersionGroup section */
		11F52E3F259E529700720596 /* VirtualTourist.xcdatamodeld */ = {
			isa = XCVersionGroup;
			children = (
				11F52E40259E529700720596 /* VirtualTourist.xcdatamodel */,
			);
			currentVersion = 11F52E40259E529700720596 /* VirtualTourist.xcdatamodel */;
			path = VirtualTourist.xcdatamodeld;
			sourceTree = "<group>";
			versionGroupType = wrapper.xcdatamodel;
		};
/* End XCVersionGroup section */
	};
	rootObject = 11F52E2B259E529700720596 /* Project object */;
}
